
Microsoft Visual Studio Solution File, Format Version 12.00
# Visual Studio Version 17
VisualStudioVersion = 17.3.32825.248
MinimumVisualStudioVersion = 10.0.40219.1
Project("{FAE04EC0-301F-11D3-BF4B-00C04F79EFBC}") = "16.12.22", "16.12.22\16.12.22.csproj", "{8BF63B2B-3E30-4B1E-AF84-7BC6B3328923}"
EndProject
Global
	GlobalSection(SolutionConfigurationPlatforms) = preSolution
		Debug|Any CPU = Debug|Any CPU
		Release|Any CPU = Release|Any CPU
	EndGlobalSection
	GlobalSection(ProjectConfigurationPlatforms) = postSolution
		{8BF63B2B-3E30-4B1E-AF84-7BC6B3328923}.Debug|Any CPU.ActiveCfg = Debug|Any CPU
		{8BF63B2B-3E30-4B1E-AF84-7BC6B3328923}.Debug|Any CPU.Build.0 = Debug|Any CPU
		{8BF63B2B-3E30-4B1E-AF84-7BC6B3328923}.Release|Any CPU.ActiveCfg = Release|Any CPU
		{8BF63B2B-3E30-4B1E-AF84-7BC6B3328923}.Release|Any CPU.Build.0 = Release|Any CPU
	EndGlobalSection
	GlobalSection(SolutionProperties) = preSolution
		HideSolutionNode = FALSE
	EndGlobalSection
	GlobalSection(ExtensibilityGlobals) = postSolution
		SolutionGuid = {A02C2DFB-2548-4724-97D2-640CE461741A}
	EndGlobalSection
EndGlobal
